# THIS IS AN AUTOGENERATED FILE. DO NOT EDIT THIS FILE DIRECTLY.
# yarn lockfile v1


matplotnode@^0.4.2:
  version "0.4.2"
  resolved "https://registry.npm.taobao.org/matplotnode/download/matplotnode-0.4.2.tgz#9ddc508f798eac458fdfcf89a315981b7d8ecbc2"
  integrity sha1-ndxQj3mOrEWP38+JoxWYG32Oy8I=

uuid@^8.3.1:
  version "8.3.1"
  resolved "https://registry.npm.taobao.org/uuid/download/uuid-8.3.1.tgz?cache=0&sync_timestamp=1601826530476&other_urls=https%3A%2F%2Fregistry.npm.taobao.org%2Fuuid%2Fdownload%2Fuuid-8.3.1.tgz#2ba2e6ca000da60fce5a196954ab241131e05a31"
  integrity sha1-K6LmygANpg/OWhlpVKskETHgWjE=
